
Microsoft Visual Studio Solution File, Format Version 12.00
# Visual Studio Version 16
VisualStudioVersion = 16.0.30503.244
MinimumVisualStudioVersion = 10.0.40219.1
Project("{FAE04EC0-301F-11D3-BF4B-00C04F79EFBC}") = "TestUngDung", "TestUngDung\TestUngDung.csproj", "{53929B9F-FC86-4B84-A5A6-54229DFC1721}"
EndProject
Project("{FAE04EC0-301F-11D3-BF4B-00C04F79EFBC}") = "ModelEF", "ModelEF\ModelEF.csproj", "{6AFBB9C8-E78C-4438-983A-A1AB679E2177}"
EndProject
Global
	GlobalSection(SolutionConfigurationPlatforms) = preSolution
		Debug|Any CPU = Debug|Any CPU
		Release|Any CPU = Release|Any CPU
	EndGlobalSection
	GlobalSection(ProjectConfigurationPlatforms) = postSolution
		{53929B9F-FC86-4B84-A5A6-54229DFC1721}.Debug|Any CPU.ActiveCfg = Debug|Any CPU
		{53929B9F-FC86-4B84-A5A6-54229DFC1721}.Debug|Any CPU.Build.0 = Debug|Any CPU
		{53929B9F-FC86-4B84-A5A6-54229DFC1721}.Release|Any CPU.ActiveCfg = Release|Any CPU
		{53929B9F-FC86-4B84-A5A6-54229DFC1721}.Release|Any CPU.Build.0 = Release|Any CPU
		{6AFBB9C8-E78C-4438-983A-A1AB679E2177}.Debug|Any CPU.ActiveCfg = Debug|Any CPU
		{6AFBB9C8-E78C-4438-983A-A1AB679E2177}.Debug|Any CPU.Build.0 = Debug|Any CPU
		{6AFBB9C8-E78C-4438-983A-A1AB679E2177}.Release|Any CPU.ActiveCfg = Release|Any CPU
		{6AFBB9C8-E78C-4438-983A-A1AB679E2177}.Release|Any CPU.Build.0 = Release|Any CPU
	EndGlobalSection
	GlobalSection(SolutionProperties) = preSolution
		HideSolutionNode = FALSE
	EndGlobalSection
	GlobalSection(ExtensibilityGlobals) = postSolution
		SolutionGuid = {F60BD6B2-1EE9-459F-BEDE-302400DF9AAC}
	EndGlobalSection
EndGlobal
